
Microsoft Visual Studio Solution File, Format Version 12.00
# Visual Studio Version 16
VisualStudioVersion = 16.0.29609.76
MinimumVisualStudioVersion = 10.0.40219.1
Project("{FAE04EC0-301F-11D3-BF4B-00C04F79EFBC}") = "DomainModel", "DomainModel\DomainModel.csproj", "{5311AAFB-ED9F-4F1B-985F-4A68969DD2E3}"
EndProject
Project("{FAE04EC0-301F-11D3-BF4B-00C04F79EFBC}") = "DAL", "DAL\DAL.csproj", "{11EE347D-1589-4156-BD8D-DBF85E2043D9}"
EndProject
Project("{FAE04EC0-301F-11D3-BF4B-00C04F79EFBC}") = "AppliConsole", "AppliConsole\AppliConsole.csproj", "{C574B438-5FC3-48D4-BBEC-2208F82558C8}"
EndProject
Global
	GlobalSection(SolutionConfigurationPlatforms) = preSolution
		Debug|Any CPU = Debug|Any CPU
		Release|Any CPU = Release|Any CPU
	EndGlobalSection
	GlobalSection(ProjectConfigurationPlatforms) = postSolution
		{5311AAFB-ED9F-4F1B-985F-4A68969DD2E3}.Debug|Any CPU.ActiveCfg = Debug|Any CPU
		{5311AAFB-ED9F-4F1B-985F-4A68969DD2E3}.Debug|Any CPU.Build.0 = Debug|Any CPU
		{5311AAFB-ED9F-4F1B-985F-4A68969DD2E3}.Release|Any CPU.ActiveCfg = Release|Any CPU
		{5311AAFB-ED9F-4F1B-985F-4A68969DD2E3}.Release|Any CPU.Build.0 = Release|Any CPU
		{11EE347D-1589-4156-BD8D-DBF85E2043D9}.Debug|Any CPU.ActiveCfg = Debug|Any CPU
		{11EE347D-1589-4156-BD8D-DBF85E2043D9}.Debug|Any CPU.Build.0 = Debug|Any CPU
		{11EE347D-1589-4156-BD8D-DBF85E2043D9}.Release|Any CPU.ActiveCfg = Release|Any CPU
		{11EE347D-1589-4156-BD8D-DBF85E2043D9}.Release|Any CPU.Build.0 = Release|Any CPU
		{C574B438-5FC3-48D4-BBEC-2208F82558C8}.Debug|Any CPU.ActiveCfg = Debug|Any CPU
		{C574B438-5FC3-48D4-BBEC-2208F82558C8}.Debug|Any CPU.Build.0 = Debug|Any CPU
		{C574B438-5FC3-48D4-BBEC-2208F82558C8}.Release|Any CPU.ActiveCfg = Release|Any CPU
		{C574B438-5FC3-48D4-BBEC-2208F82558C8}.Release|Any CPU.Build.0 = Release|Any CPU
	EndGlobalSection
	GlobalSection(SolutionProperties) = preSolution
		HideSolutionNode = FALSE
	EndGlobalSection
	GlobalSection(ExtensibilityGlobals) = postSolution
		SolutionGuid = {929A2252-BE3F-492D-8E13-45C10A1A2993}
	EndGlobalSection
EndGlobal
